// !$*UTF8*$!
{
	archiveVersion = 1;
	classes = {
	};
	objectVersion = 48;
	objects = {

/* Begin PBXBuildFile section */
		031174C51FA5438E00D19AD0 /* OrderModel.swift in Sources */ = {isa = PBXBuildFile; fileRef = 031174C41FA5438E00D19AD0 /* OrderModel.swift */; };
		031174C71FA5477D00D19AD0 /* CommentModel.swift in Sources */ = {isa = PBXBuildFile; fileRef = 031174C61FA5477D00D19AD0 /* CommentModel.swift */; };
		031174C91FA54BB400D19AD0 /* PersonModel.swift in Sources */ = {isa = PBXBuildFile; fileRef = 031174C81FA54BB400D19AD0 /* PersonModel.swift */; };
		031174CB1FA54CAD00D19AD0 /* PlaceModel.swift in Sources */ = {isa = PBXBuildFile; fileRef = 031174CA1FA54CAD00D19AD0 /* PlaceModel.swift */; };
		031174CE1FA54D7300D19AD0 /* NavigationBarController.swift in Sources */ = {isa = PBXBuildFile; fileRef = 031174CD1FA54D7300D19AD0 /* NavigationBarController.swift */; };
		031174D01FA54DCA00D19AD0 /* NavigationBar.storyboard in Resources */ = {isa = PBXBuildFile; fileRef = 031174CF1FA54DCA00D19AD0 /* NavigationBar.storyboard */; };
		031174D31FA54F2900D19AD0 /* HistoryViewController.swift in Sources */ = {isa = PBXBuildFile; fileRef = 031174D21FA54F2900D19AD0 /* HistoryViewController.swift */; };
		031174D51FA54F4300D19AD0 /* History.storyboard in Resources */ = {isa = PBXBuildFile; fileRef = 031174D41FA54F4300D19AD0 /* History.storyboard */; };
		031174D71FA54F8400D19AD0 /* HistoryViewModel.swift in Sources */ = {isa = PBXBuildFile; fileRef = 031174D61FA54F8400D19AD0 /* HistoryViewModel.swift */; };
		0328282A205073460030FEDE /* Utilities.swift in Sources */ = {isa = PBXBuildFile; fileRef = 03282829205073460030FEDE /* Utilities.swift */; };
		0328282F20508DB70030FEDE /* PlaceTitleCell.xib in Resources */ = {isa = PBXBuildFile; fileRef = 0328282E20508DB70030FEDE /* PlaceTitleCell.xib */; };
		0328283120508DCA0030FEDE /* PlaceTitleCell.swift in Sources */ = {isa = PBXBuildFile; fileRef = 0328283020508DCA0030FEDE /* PlaceTitleCell.swift */; };
		032BC4181FADFAA400E7EF59 /* PlaceCell.swift in Sources */ = {isa = PBXBuildFile; fileRef = 032BC4171FADFAA400E7EF59 /* PlaceCell.swift */; };
		032BC41A1FADFAED00E7EF59 /* PlaceCell.xib in Resources */ = {isa = PBXBuildFile; fileRef = 032BC4191FADFAED00E7EF59 /* PlaceCell.xib */; };
		032BC41D1FADFFBE00E7EF59 /* PlaceViewController.swift in Sources */ = {isa = PBXBuildFile; fileRef = 032BC41C1FADFFBE00E7EF59 /* PlaceViewController.swift */; };
		032BC41F1FADFFCA00E7EF59 /* Place.storyboard in Resources */ = {isa = PBXBuildFile; fileRef = 032BC41E1FADFFCA00E7EF59 /* Place.storyboard */; };
		032BC4211FAE006F00E7EF59 /* PlaceViewModel.swift in Sources */ = {isa = PBXBuildFile; fileRef = 032BC4201FAE006F00E7EF59 /* PlaceViewModel.swift */; };
		032D0B5E1FA594A8006DD8DD /* DebtModel.swift in Sources */ = {isa = PBXBuildFile; fileRef = 032D0B5D1FA594A8006DD8DD /* DebtModel.swift */; };
		032D0B601FA595CD006DD8DD /* CurrencyProtocol.swift in Sources */ = {isa = PBXBuildFile; fileRef = 032D0B5F1FA595CD006DD8DD /* CurrencyProtocol.swift */; };
		032D0B621FA598CB006DD8DD /* MenuPositionModel.swift in Sources */ = {isa = PBXBuildFile; fileRef = 032D0B611FA598CB006DD8DD /* MenuPositionModel.swift */; };
		032D0B641FA59B75006DD8DD /* ConfigModel.swift in Sources */ = {isa = PBXBuildFile; fileRef = 032D0B631FA59B75006DD8DD /* ConfigModel.swift */; };
		032D0B691FA5E058006DD8DD /* FriendsViewController.swift in Sources */ = {isa = PBXBuildFile; fileRef = 032D0B681FA5E058006DD8DD /* FriendsViewController.swift */; };
		032D0B6B1FA5E072006DD8DD /* FriendsViewModel.swift in Sources */ = {isa = PBXBuildFile; fileRef = 032D0B6A1FA5E072006DD8DD /* FriendsViewModel.swift */; };
		032D0B6D1FA5E081006DD8DD /* Friends.storyboard in Resources */ = {isa = PBXBuildFile; fileRef = 032D0B6C1FA5E081006DD8DD /* Friends.storyboard */; };
		032D0B701FA5E71A006DD8DD /* BillCell.swift in Sources */ = {isa = PBXBuildFile; fileRef = 032D0B6F1FA5E71A006DD8DD /* BillCell.swift */; };
		032D0B741FA5F61D006DD8DD /* TopAlignedLabel.swift in Sources */ = {isa = PBXBuildFile; fileRef = 032D0B731FA5F61D006DD8DD /* TopAlignedLabel.swift */; };
		034C1DF01FAE192300A0928F /* BillCell.xib in Resources */ = {isa = PBXBuildFile; fileRef = 034C1DEF1FAE192300A0928F /* BillCell.xib */; };
		03650FDA1FADED0500599F58 /* PlacesViewController.swift in Sources */ = {isa = PBXBuildFile; fileRef = 03650FD91FADED0500599F58 /* PlacesViewController.swift */; };
		03650FDC1FADED1400599F58 /* PlacesViewModel.swift in Sources */ = {isa = PBXBuildFile; fileRef = 03650FDB1FADED1400599F58 /* PlacesViewModel.swift */; };
		03650FDE1FADED2300599F58 /* Places.storyboard in Resources */ = {isa = PBXBuildFile; fileRef = 03650FDD1FADED2300599F58 /* Places.storyboard */; };
		03650FE11FADF6BA00599F58 /* PlaceDisplayItem.swift in Sources */ = {isa = PBXBuildFile; fileRef = 03650FE01FADF6BA00599F58 /* PlaceDisplayItem.swift */; };
		036D3FC41FA5FB6C009BC78D /* AddCell.swift in Sources */ = {isa = PBXBuildFile; fileRef = 036D3FC21FA5FB6C009BC78D /* AddCell.swift */; };
		036D3FC51FA5FB6C009BC78D /* AddCell.xib in Resources */ = {isa = PBXBuildFile; fileRef = 036D3FC31FA5FB6C009BC78D /* AddCell.xib */; };
		036D3FC71FA6002E009BC78D /* BillDisplayItem.swift in Sources */ = {isa = PBXBuildFile; fileRef = 036D3FC61FA6002E009BC78D /* BillDisplayItem.swift */; };
		036D71CC1FA1401700C4832C /* AppDelegate.swift in Sources */ = {isa = PBXBuildFile; fileRef = 036D71CB1FA1401700C4832C /* AppDelegate.swift */; };
		036D71D31FA1401700C4832C /* TabBar.storyboard in Resources */ = {isa = PBXBuildFile; fileRef = 036D71D11FA1401700C4832C /* TabBar.storyboard */; };
		036D71D51FA1401700C4832C /* Assets.xcassets in Resources */ = {isa = PBXBuildFile; fileRef = 036D71D41FA1401700C4832C /* Assets.xcassets */; };
		036D71D81FA1401700C4832C /* LaunchScreen.storyboard in Resources */ = {isa = PBXBuildFile; fileRef = 036D71D61FA1401700C4832C /* LaunchScreen.storyboard */; };
		036D71E31FA1401700C4832C /* BillerTests.swift in Sources */ = {isa = PBXBuildFile; fileRef = 036D71E21FA1401700C4832C /* BillerTests.swift */; };
		036D71EE1FA1401700C4832C /* BillerUITests.swift in Sources */ = {isa = PBXBuildFile; fileRef = 036D71ED1FA1401700C4832C /* BillerUITests.swift */; };
		037E41B420509DD000F12BD1 /* RatingCell.xib in Resources */ = {isa = PBXBuildFile; fileRef = 037E41B320509DD000F12BD1 /* RatingCell.xib */; };
		037E41B620509DE000F12BD1 /* RatingCell.swift in Sources */ = {isa = PBXBuildFile; fileRef = 037E41B520509DE000F12BD1 /* RatingCell.swift */; };
		0396FE611FA2200600ED2F13 /* BaseModel.swift in Sources */ = {isa = PBXBuildFile; fileRef = 0396FE601FA2200600ED2F13 /* BaseModel.swift */; };
		0396FE631FA2374900ED2F13 /* Realm+Ext.swift in Sources */ = {isa = PBXBuildFile; fileRef = 0396FE621FA2374900ED2F13 /* Realm+Ext.swift */; };
		0396FE671FA23DA400ED2F13 /* BillModel.swift in Sources */ = {isa = PBXBuildFile; fileRef = 0396FE661FA23DA400ED2F13 /* BillModel.swift */; };
		0396FE741FA250CE00ED2F13 /* TabBarController.swift in Sources */ = {isa = PBXBuildFile; fileRef = 0396FE731FA250CE00ED2F13 /* TabBarController.swift */; };
		03A0ED2F205186970025A162 /* CommentCell.xib in Resources */ = {isa = PBXBuildFile; fileRef = 03A0ED2E205186970025A162 /* CommentCell.xib */; };
		03A0ED31205186A60025A162 /* CommentCell.swift in Sources */ = {isa = PBXBuildFile; fileRef = 03A0ED30205186A60025A162 /* CommentCell.swift */; };
		03C5A3952050A301003301D4 /* GoToCell.swift in Sources */ = {isa = PBXBuildFile; fileRef = 03C5A3942050A301003301D4 /* GoToCell.swift */; };
		03C5A3972050A30F003301D4 /* GoToCell.xib in Resources */ = {isa = PBXBuildFile; fileRef = 03C5A3962050A30F003301D4 /* GoToCell.xib */; };
		03D3A5371FA2121200FE3947 /* RLMSupport.swift in Sources */ = {isa = PBXBuildFile; fileRef = 03D3A5361FA2121200FE3947 /* RLMSupport.swift */; };
		8001A71419C33BCD0284556D /* Pods_BillerTests.framework in Frameworks */ = {isa = PBXBuildFile; fileRef = 9A8D0CDE6AB5002EC65F7395 /* Pods_BillerTests.framework */; };
		CB0FC14C80EF1D8E525589BF /* Pods_Biller.framework in Frameworks */ = {isa = PBXBuildFile; fileRef = 9BD354E1F21083D8A847BC35 /* Pods_Biller.framework */; };
		F9B7EA682D69EF66BFA872BF /* Pods_BillerUITests.framework in Frameworks */ = {isa = PBXBuildFile; fileRef = 3105742A5A278C3D07544E4E /* Pods_BillerUITests.framework */; };
/* End PBXBuildFile section */

/* Begin PBXContainerItemProxy section */
		036D71DF1FA1401700C4832C /* PBXContainerItemProxy */ = {
			isa = PBXContainerItemProxy;
			containerPortal = 036D71C01FA1401700C4832C /* Project object */;
			proxyType = 1;
			remoteGlobalIDString = 036D71C71FA1401700C4832C;
			remoteInfo = Biller;
		};
		036D71EA1FA1401700C4832C /* PBXContainerItemProxy */ = {
			isa = PBXContainerItemProxy;
			containerPortal = 036D71C01FA1401700C4832C /* Project object */;
			proxyType = 1;
			remoteGlobalIDString = 036D71C71FA1401700C4832C;
			remoteInfo = Biller;
		};
/* End PBXContainerItemProxy section */

/* Begin PBXFileReference section */
		004C9C4874B08C7172382E73 /* Pods-BillerTests.debug.xcconfig */ = {isa = PBXFileReference; includeInIndex = 1; lastKnownFileType = text.xcconfig; name = "Pods-BillerTests.debug.xcconfig"; path = "Pods/Target Support Files/Pods-BillerTests/Pods-BillerTests.debug.xcconfig"; sourceTree = "<group>"; };
		031174C41FA5438E00D19AD0 /* OrderModel.swift */ = {isa = PBXFileReference; lastKnownFileType = sourcecode.swift; path = OrderModel.swift; sourceTree = "<group>"; };
		031174C61FA5477D00D19AD0 /* CommentModel.swift */ = {isa = PBXFileReference; lastKnownFileType = sourcecode.swift; path = CommentModel.swift; sourceTree = "<group>"; };
		031174C81FA54BB400D19AD0 /* PersonModel.swift */ = {isa = PBXFileReference; lastKnownFileType = sourcecode.swift; path = PersonModel.swift; sourceTree = "<group>"; };
		031174CA1FA54CAD00D19AD0 /* PlaceModel.swift */ = {isa = PBXFileReference; lastKnownFileType = sourcecode.swift; path = PlaceModel.swift; sourceTree = "<group>"; };
		031174CD1FA54D7300D19AD0 /* NavigationBarController.swift */ = {isa = PBXFileReference; lastKnownFileType = sourcecode.swift; path = NavigationBarController.swift; sourceTree = "<group>"; };
		031174CF1FA54DCA00D19AD0 /* NavigationBar.storyboard */ = {isa = PBXFileReference; lastKnownFileType = file.storyboard; path = NavigationBar.storyboard; sourceTree = "<group>"; };
		031174D21FA54F2900D19AD0 /* HistoryViewController.swift */ = {isa = PBXFileReference; lastKnownFileType = sourcecode.swift; path = HistoryViewController.swift; sourceTree = "<group>"; };
		031174D41FA54F4300D19AD0 /* History.storyboard */ = {isa = PBXFileReference; lastKnownFileType = file.storyboard; path = History.storyboard; sourceTree = "<group>"; };
		031174D61FA54F8400D19AD0 /* HistoryViewModel.swift */ = {isa = PBXFileReference; lastKnownFileType = sourcecode.swift; path = HistoryViewModel.swift; sourceTree = "<group>"; };
		03282829205073460030FEDE /* Utilities.swift */ = {isa = PBXFileReference; lastKnownFileType = sourcecode.swift; path = Utilities.swift; sourceTree = "<group>"; };
		0328282E20508DB70030FEDE /* PlaceTitleCell.xib */ = {isa = PBXFileReference; lastKnownFileType = file.xib; path = PlaceTitleCell.xib; sourceTree = "<group>"; };
		0328283020508DCA0030FEDE /* PlaceTitleCell.swift */ = {isa = PBXFileReference; lastKnownFileType = sourcecode.swift; path = PlaceTitleCell.swift; sourceTree = "<group>"; };
		032BC4171FADFAA400E7EF59 /* PlaceCell.swift */ = {isa = PBXFileReference; lastKnownFileType = sourcecode.swift; path = PlaceCell.swift; sourceTree = "<group>"; };
		032BC4191FADFAED00E7EF59 /* PlaceCell.xib */ = {isa = PBXFileReference; lastKnownFileType = file.xib; path = PlaceCell.xib; sourceTree = "<group>"; };
		032BC41C1FADFFBE00E7EF59 /* PlaceViewController.swift */ = {isa = PBXFileReference; lastKnownFileType = sourcecode.swift; path = PlaceViewController.swift; sourceTree = "<group>"; };
		032BC41E1FADFFCA00E7EF59 /* Place.storyboard */ = {isa = PBXFileReference; lastKnownFileType = file.storyboard; path = Place.storyboard; sourceTree = "<group>"; };
		032BC4201FAE006F00E7EF59 /* PlaceViewModel.swift */ = {isa = PBXFileReference; lastKnownFileType = sourcecode.swift; path = PlaceViewModel.swift; sourceTree = "<group>"; };
		032D0B5D1FA594A8006DD8DD /* DebtModel.swift */ = {isa = PBXFileReference; lastKnownFileType = sourcecode.swift; path = DebtModel.swift; sourceTree = "<group>"; };
		032D0B5F1FA595CD006DD8DD /* CurrencyProtocol.swift */ = {isa = PBXFileReference; lastKnownFileType = sourcecode.swift; path = CurrencyProtocol.swift; sourceTree = "<group>"; };
		032D0B611FA598CB006DD8DD /* MenuPositionModel.swift */ = {isa = PBXFileReference; lastKnownFileType = sourcecode.swift; path = MenuPositionModel.swift; sourceTree = "<group>"; };
		032D0B631FA59B75006DD8DD /* ConfigModel.swift */ = {isa = PBXFileReference; lastKnownFileType = sourcecode.swift; path = ConfigModel.swift; sourceTree = "<group>"; };
		032D0B681FA5E058006DD8DD /* FriendsViewController.swift */ = {isa = PBXFileReference; lastKnownFileType = sourcecode.swift; path = FriendsViewController.swift; sourceTree = "<group>"; };
		032D0B6A1FA5E072006DD8DD /* FriendsViewModel.swift */ = {isa = PBXFileReference; lastKnownFileType = sourcecode.swift; path = FriendsViewModel.swift; sourceTree = "<group>"; };
		032D0B6C1FA5E081006DD8DD /* Friends.storyboard */ = {isa = PBXFileReference; lastKnownFileType = file.storyboard; path = Friends.storyboard; sourceTree = "<group>"; };
		032D0B6F1FA5E71A006DD8DD /* BillCell.swift */ = {isa = PBXFileReference; lastKnownFileType = sourcecode.swift; path = BillCell.swift; sourceTree = "<group>"; };
		032D0B731FA5F61D006DD8DD /* TopAlignedLabel.swift */ = {isa = PBXFileReference; lastKnownFileType = sourcecode.swift; path = TopAlignedLabel.swift; sourceTree = "<group>"; };
		034C1DEF1FAE192300A0928F /* BillCell.xib */ = {isa = PBXFileReference; fileEncoding = 4; lastKnownFileType = file.xib; path = BillCell.xib; sourceTree = "<group>"; };
		03650FD91FADED0500599F58 /* PlacesViewController.swift */ = {isa = PBXFileReference; lastKnownFileType = sourcecode.swift; path = PlacesViewController.swift; sourceTree = "<group>"; };
		03650FDB1FADED1400599F58 /* PlacesViewModel.swift */ = {isa = PBXFileReference; lastKnownFileType = sourcecode.swift; path = PlacesViewModel.swift; sourceTree = "<group>"; };
		03650FDD1FADED2300599F58 /* Places.storyboard */ = {isa = PBXFileReference; lastKnownFileType = file.storyboard; path = Places.storyboard; sourceTree = "<group>"; };
		03650FE01FADF6BA00599F58 /* PlaceDisplayItem.swift */ = {isa = PBXFileReference; lastKnownFileType = sourcecode.swift; path = PlaceDisplayItem.swift; sourceTree = "<group>"; };
		036D3FC21FA5FB6C009BC78D /* AddCell.swift */ = {isa = PBXFileReference; fileEncoding = 4; lastKnownFileType = sourcecode.swift; path = AddCell.swift; sourceTree = "<group>"; };
		036D3FC31FA5FB6C009BC78D /* AddCell.xib */ = {isa = PBXFileReference; fileEncoding = 4; lastKnownFileType = file.xib; path = AddCell.xib; sourceTree = "<group>"; };
		036D3FC61FA6002E009BC78D /* BillDisplayItem.swift */ = {isa = PBXFileReference; lastKnownFileType = sourcecode.swift; path = BillDisplayItem.swift; sourceTree = "<group>"; };
		036D71C81FA1401700C4832C /* Biller.app */ = {isa = PBXFileReference; explicitFileType = wrapper.application; includeInIndex = 0; path = Biller.app; sourceTree = BUILT_PRODUCTS_DIR; };
		036D71CB1FA1401700C4832C /* AppDelegate.swift */ = {isa = PBXFileReference; lastKnownFileType = sourcecode.swift; path = AppDelegate.swift; sourceTree = "<group>"; };
		036D71D21FA1401700C4832C /* Base */ = {isa = PBXFileReference; lastKnownFileType = file.storyboard; name = Base; path = Base.lproj/TabBar.storyboard; sourceTree = "<group>"; };
		036D71D41FA1401700C4832C /* Assets.xcassets */ = {isa = PBXFileReference; lastKnownFileType = folder.assetcatalog; path = Assets.xcassets; sourceTree = "<group>"; };
		036D71D71FA1401700C4832C /* Base */ = {isa = PBXFileReference; lastKnownFileType = file.storyboard; name = Base; path = Base.lproj/LaunchScreen.storyboard; sourceTree = "<group>"; };
		036D71D91FA1401700C4832C /* Info.plist */ = {isa = PBXFileReference; lastKnownFileType = text.plist.xml; path = Info.plist; sourceTree = "<group>"; };
		036D71DE1FA1401700C4832C /* BillerTests.xctest */ = {isa = PBXFileReference; explicitFileType = wrapper.cfbundle; includeInIndex = 0; path = BillerTests.xctest; sourceTree = BUILT_PRODUCTS_DIR; };
		036D71E21FA1401700C4832C /* BillerTests.swift */ = {isa = PBXFileReference; lastKnownFileType = sourcecode.swift; path = BillerTests.swift; sourceTree = "<group>"; };
		036D71E41FA1401700C4832C /* Info.plist */ = {isa = PBXFileReference; lastKnownFileType = text.plist.xml; path = Info.plist; sourceTree = "<group>"; };
		036D71E91FA1401700C4832C /* BillerUITests.xctest */ = {isa = PBXFileReference; explicitFileType = wrapper.cfbundle; includeInIndex = 0; path = BillerUITests.xctest; sourceTree = BUILT_PRODUCTS_DIR; };
		036D71ED1FA1401700C4832C /* BillerUITests.swift */ = {isa = PBXFileReference; lastKnownFileType = sourcecode.swift; path = BillerUITests.swift; sourceTree = "<group>"; };
		036D71EF1FA1401700C4832C /* Info.plist */ = {isa = PBXFileReference; lastKnownFileType = text.plist.xml; path = Info.plist; sourceTree = "<group>"; };
		037E41B320509DD000F12BD1 /* RatingCell.xib */ = {isa = PBXFileReference; lastKnownFileType = file.xib; path = RatingCell.xib; sourceTree = "<group>"; };
		037E41B520509DE000F12BD1 /* RatingCell.swift */ = {isa = PBXFileReference; lastKnownFileType = sourcecode.swift; path = RatingCell.swift; sourceTree = "<group>"; };
		0396FE601FA2200600ED2F13 /* BaseModel.swift */ = {isa = PBXFileReference; lastKnownFileType = sourcecode.swift; path = BaseModel.swift; sourceTree = "<group>"; };
		0396FE621FA2374900ED2F13 /* Realm+Ext.swift */ = {isa = PBXFileReference; lastKnownFileType = sourcecode.swift; path = "Realm+Ext.swift"; sourceTree = "<group>"; };
		0396FE661FA23DA400ED2F13 /* BillModel.swift */ = {isa = PBXFileReference; lastKnownFileType = sourcecode.swift; path = BillModel.swift; sourceTree = "<group>"; };
		0396FE731FA250CE00ED2F13 /* TabBarController.swift */ = {isa = PBXFileReference; lastKnownFileType = sourcecode.swift; path = TabBarController.swift; sourceTree = "<group>"; };
		03A0ED2E205186970025A162 /* CommentCell.xib */ = {isa = PBXFileReference; lastKnownFileType = file.xib; path = CommentCell.xib; sourceTree = "<group>"; };
		03A0ED30205186A60025A162 /* CommentCell.swift */ = {isa = PBXFileReference; lastKnownFileType = sourcecode.swift; path = CommentCell.swift; sourceTree = "<group>"; };
		03C5A3942050A301003301D4 /* GoToCell.swift */ = {isa = PBXFileReference; lastKnownFileType = sourcecode.swift; path = GoToCell.swift; sourceTree = "<group>"; };
		03C5A3962050A30F003301D4 /* GoToCell.xib */ = {isa = PBXFileReference; lastKnownFileType = file.xib; path = GoToCell.xib; sourceTree = "<group>"; };
		03D3A5361FA2121200FE3947 /* RLMSupport.swift */ = {isa = PBXFileReference; fileEncoding = 4; lastKnownFileType = sourcecode.swift; path = RLMSupport.swift; sourceTree = "<group>"; };
		1D85FE0A2A76AF121B7AA833 /* Pods-Biller.debug.xcconfig */ = {isa = PBXFileReference; includeInIndex = 1; lastKnownFileType = text.xcconfig; name = "Pods-Biller.debug.xcconfig"; path = "Pods/Target Support Files/Pods-Biller/Pods-Biller.debug.xcconfig"; sourceTree = "<group>"; };
		2A591E721F9FDB7E580EDDBA /* Pods-BillerUITests.release.xcconfig */ = {isa = PBXFileReference; includeInIndex = 1; lastKnownFileType = text.xcconfig; name = "Pods-BillerUITests.release.xcconfig"; path = "Pods/Target Support Files/Pods-BillerUITests/Pods-BillerUITests.release.xcconfig"; sourceTree = "<group>"; };
		3105742A5A278C3D07544E4E /* Pods_BillerUITests.framework */ = {isa = PBXFileReference; explicitFileType = wrapper.framework; includeInIndex = 0; path = Pods_BillerUITests.framework; sourceTree = BUILT_PRODUCTS_DIR; };
		530A278D84FEB0C426821EAE /* Pods-BillerUITests.debug.xcconfig */ = {isa = PBXFileReference; includeInIndex = 1; lastKnownFileType = text.xcconfig; name = "Pods-BillerUITests.debug.xcconfig"; path = "Pods/Target Support Files/Pods-BillerUITests/Pods-BillerUITests.debug.xcconfig"; sourceTree = "<group>"; };
		9A8D0CDE6AB5002EC65F7395 /* Pods_BillerTests.framework */ = {isa = PBXFileReference; explicitFileType = wrapper.framework; includeInIndex = 0; path = Pods_BillerTests.framework; sourceTree = BUILT_PRODUCTS_DIR; };
		9BD354E1F21083D8A847BC35 /* Pods_Biller.framework */ = {isa = PBXFileReference; explicitFileType = wrapper.framework; includeInIndex = 0; path = Pods_Biller.framework; sourceTree = BUILT_PRODUCTS_DIR; };
		B57150539EE9E901049110E4 /* Pods-Biller.release.xcconfig */ = {isa = PBXFileReference; includeInIndex = 1; lastKnownFileType = text.xcconfig; name = "Pods-Biller.release.xcconfig"; path = "Pods/Target Support Files/Pods-Biller/Pods-Biller.release.xcconfig"; sourceTree = "<group>"; };
		E4E2BDAF1063F23E5E2CF790 /* Pods-BillerTests.release.xcconfig */ = {isa = PBXFileReference; includeInIndex = 1; lastKnownFileType = text.xcconfig; name = "Pods-BillerTests.release.xcconfig"; path = "Pods/Target Support Files/Pods-BillerTests/Pods-BillerTests.release.xcconfig"; sourceTree = "<group>"; };
/* End PBXFileReference section */

/* Begin PBXFrameworksBuildPhase section */
		036D71C51FA1401700C4832C /* Frameworks */ = {
			isa = PBXFrameworksBuildPhase;
			buildActionMask = 2147483647;
			files = (
				CB0FC14C80EF1D8E525589BF /* Pods_Biller.framework in Frameworks */,
			);
			runOnlyForDeploymentPostprocessing = 0;
		};
		036D71DB1FA1401700C4832C /* Frameworks */ = {
			isa = PBXFrameworksBuildPhase;
			buildActionMask = 2147483647;
			files = (
				8001A71419C33BCD0284556D /* Pods_BillerTests.framework in Frameworks */,
			);
			runOnlyForDeploymentPostprocessing = 0;
		};
		036D71E61FA1401700C4832C /* Frameworks */ = {
			isa = PBXFrameworksBuildPhase;
			buildActionMask = 2147483647;
			files = (
				F9B7EA682D69EF66BFA872BF /* Pods_BillerUITests.framework in Frameworks */,
			);
			runOnlyForDeploymentPostprocessing = 0;
		};
/* End PBXFrameworksBuildPhase section */

/* Begin PBXGroup section */
		031174CC1FA54D3400D19AD0 /* NavigationBar */ = {
			isa = PBXGroup;
			children = (
				031174CD1FA54D7300D19AD0 /* NavigationBarController.swift */,
				031174CF1FA54DCA00D19AD0 /* NavigationBar.storyboard */,
			);
			path = NavigationBar;
			sourceTree = "<group>";
		};
		031174D11FA54EF700D19AD0 /* HistoryScreen */ = {
			isa = PBXGroup;
			children = (
				032D0B6E1FA5E6FC006DD8DD /* Cells */,
				031174D21FA54F2900D19AD0 /* HistoryViewController.swift */,
				031174D61FA54F8400D19AD0 /* HistoryViewModel.swift */,
				031174D41FA54F4300D19AD0 /* History.storyboard */,
			);
			path = HistoryScreen;
			sourceTree = "<group>";
		};
		0328282C205085580030FEDE /* Cells */ = {
			isa = PBXGroup;
			children = (
				0328282E20508DB70030FEDE /* PlaceTitleCell.xib */,
				0328283020508DCA0030FEDE /* PlaceTitleCell.swift */,
			);
			path = Cells;
			sourceTree = "<group>";
		};
		0328282D20508A6B0030FEDE /* ReusableCells */ = {
			isa = PBXGroup;
			children = (
				036D3FC21FA5FB6C009BC78D /* AddCell.swift */,
				036D3FC31FA5FB6C009BC78D /* AddCell.xib */,
				037E41B520509DE000F12BD1 /* RatingCell.swift */,
				037E41B320509DD000F12BD1 /* RatingCell.xib */,
				03C5A3942050A301003301D4 /* GoToCell.swift */,
				03C5A3962050A30F003301D4 /* GoToCell.xib */,
				03A0ED30205186A60025A162 /* CommentCell.swift */,
				03A0ED2E205186970025A162 /* CommentCell.xib */,
			);
			path = ReusableCells;
			sourceTree = "<group>";
		};
		032BC41B1FADFF6D00E7EF59 /* PlaceScreen */ = {
			isa = PBXGroup;
			children = (
				0328282C205085580030FEDE /* Cells */,
				032BC41C1FADFFBE00E7EF59 /* PlaceViewController.swift */,
				032BC4201FAE006F00E7EF59 /* PlaceViewModel.swift */,
				032BC41E1FADFFCA00E7EF59 /* Place.storyboard */,
			);
			path = PlaceScreen;
			sourceTree = "<group>";
		};
		032D0B651FA5E00B006DD8DD /* FriendsScreen */ = {
			isa = PBXGroup;
			children = (
				032D0B681FA5E058006DD8DD /* FriendsViewController.swift */,
				032D0B6A1FA5E072006DD8DD /* FriendsViewModel.swift */,
				032D0B6C1FA5E081006DD8DD /* Friends.storyboard */,
			);
			path = FriendsScreen;
			sourceTree = "<group>";
		};
		032D0B661FA5E02B006DD8DD /* PlacesScreen */ = {
			isa = PBXGroup;
			children = (
				032BC41B1FADFF6D00E7EF59 /* PlaceScreen */,
				03650FDF1FADF6A600599F58 /* Cells */,
				03650FD91FADED0500599F58 /* PlacesViewController.swift */,
				03650FDB1FADED1400599F58 /* PlacesViewModel.swift */,
				03650FDD1FADED2300599F58 /* Places.storyboard */,
			);
			path = PlacesScreen;
			sourceTree = "<group>";
		};
		032D0B671FA5E038006DD8DD /* SettingsScreen */ = {
			isa = PBXGroup;
			children = (
			);
			path = SettingsScreen;
			sourceTree = "<group>";
		};
		032D0B6E1FA5E6FC006DD8DD /* Cells */ = {
			isa = PBXGroup;
			children = (
				032D0B6F1FA5E71A006DD8DD /* BillCell.swift */,
				034C1DEF1FAE192300A0928F /* BillCell.xib */,
				036D3FC61FA6002E009BC78D /* BillDisplayItem.swift */,
			);
			path = Cells;
			sourceTree = "<group>";
		};
		03650FDF1FADF6A600599F58 /* Cells */ = {
			isa = PBXGroup;
			children = (
				03650FE01FADF6BA00599F58 /* PlaceDisplayItem.swift */,
				032BC4171FADFAA400E7EF59 /* PlaceCell.swift */,
				032BC4191FADFAED00E7EF59 /* PlaceCell.xib */,
			);
			path = Cells;
			sourceTree = "<group>";
		};
		036D71BF1FA1401700C4832C = {
			isa = PBXGroup;
			children = (
				036D71CA1FA1401700C4832C /* Biller */,
				036D71E11FA1401700C4832C /* BillerTests */,
				036D71EC1FA1401700C4832C /* BillerUITests */,
				036D71C91FA1401700C4832C /* Products */,
				F3EEF991307EB6334959E649 /* Pods */,
				D05F32EAE561A4A3EA579CF4 /* Frameworks */,
			);
			sourceTree = "<group>";
		};
		036D71C91FA1401700C4832C /* Products */ = {
			isa = PBXGroup;
			children = (
				036D71C81FA1401700C4832C /* Biller.app */,
				036D71DE1FA1401700C4832C /* BillerTests.xctest */,
				036D71E91FA1401700C4832C /* BillerUITests.xctest */,
			);
			name = Products;
			sourceTree = "<group>";
		};
		036D71CA1FA1401700C4832C /* Biller */ = {
			isa = PBXGroup;
			children = (
				0396FE681FA24F3900ED2F13 /* Modules */,
				0396FE5F1FA21FEE00ED2F13 /* Models */,
				0396FE5E1FA21FCD00ED2F13 /* Common */,
				03D3A5351FA211ED00FE3947 /* Utilities */,
				036D71D91FA1401700C4832C /* Info.plist */,
			);
			path = Biller;
			sourceTree = "<group>";
		};
		036D71E11FA1401700C4832C /* BillerTests */ = {
			isa = PBXGroup;
			children = (
				036D71E21FA1401700C4832C /* BillerTests.swift */,
				036D71E41FA1401700C4832C /* Info.plist */,
			);
			path = BillerTests;
			sourceTree = "<group>";
		};
		036D71EC1FA1401700C4832C /* BillerUITests */ = {
			isa = PBXGroup;
			children = (
				036D71ED1FA1401700C4832C /* BillerUITests.swift */,
				036D71EF1FA1401700C4832C /* Info.plist */,
			);
			path = BillerUITests;
			sourceTree = "<group>";
		};
		0396FE5E1FA21FCD00ED2F13 /* Common */ = {
			isa = PBXGroup;
			children = (
				036D71CB1FA1401700C4832C /* AppDelegate.swift */,
				036D71D41FA1401700C4832C /* Assets.xcassets */,
				036D71D61FA1401700C4832C /* LaunchScreen.storyboard */,
			);
			path = Common;
			sourceTree = "<group>";
		};
		0396FE5F1FA21FEE00ED2F13 /* Models */ = {
			isa = PBXGroup;
			children = (
				0396FE601FA2200600ED2F13 /* BaseModel.swift */,
				0396FE661FA23DA400ED2F13 /* BillModel.swift */,
				031174C41FA5438E00D19AD0 /* OrderModel.swift */,
				031174C61FA5477D00D19AD0 /* CommentModel.swift */,
				031174C81FA54BB400D19AD0 /* PersonModel.swift */,
				031174CA1FA54CAD00D19AD0 /* PlaceModel.swift */,
				032D0B5D1FA594A8006DD8DD /* DebtModel.swift */,
				032D0B611FA598CB006DD8DD /* MenuPositionModel.swift */,
				032D0B631FA59B75006DD8DD /* ConfigModel.swift */,
			);
			path = Models;
			sourceTree = "<group>";
		};
		0396FE681FA24F3900ED2F13 /* Modules */ = {
			isa = PBXGroup;
			children = (
				0328282D20508A6B0030FEDE /* ReusableCells */,
				032D0B671FA5E038006DD8DD /* SettingsScreen */,
				032D0B661FA5E02B006DD8DD /* PlacesScreen */,
				032D0B651FA5E00B006DD8DD /* FriendsScreen */,
				031174D11FA54EF700D19AD0 /* HistoryScreen */,
				031174CC1FA54D3400D19AD0 /* NavigationBar */,
				0396FE721FA250AF00ED2F13 /* TabBar */,
			);
			path = Modules;
			sourceTree = "<group>";
		};
		0396FE721FA250AF00ED2F13 /* TabBar */ = {
			isa = PBXGroup;
			children = (
				0396FE731FA250CE00ED2F13 /* TabBarController.swift */,
				036D71D11FA1401700C4832C /* TabBar.storyboard */,
			);
			path = TabBar;
			sourceTree = "<group>";
		};
		03D3A5351FA211ED00FE3947 /* Utilities */ = {
			isa = PBXGroup;
			children = (
				03D3A5361FA2121200FE3947 /* RLMSupport.swift */,
				0396FE621FA2374900ED2F13 /* Realm+Ext.swift */,
				032D0B5F1FA595CD006DD8DD /* CurrencyProtocol.swift */,
				032D0B731FA5F61D006DD8DD /* TopAlignedLabel.swift */,
				03282829205073460030FEDE /* Utilities.swift */,
			);
			path = Utilities;
			sourceTree = "<group>";
		};
		D05F32EAE561A4A3EA579CF4 /* Frameworks */ = {
			isa = PBXGroup;
			children = (
				9BD354E1F21083D8A847BC35 /* Pods_Biller.framework */,
				9A8D0CDE6AB5002EC65F7395 /* Pods_BillerTests.framework */,
				3105742A5A278C3D07544E4E /* Pods_BillerUITests.framework */,
			);
			name = Frameworks;
			sourceTree = "<group>";
		};
		F3EEF991307EB6334959E649 /* Pods */ = {
			isa = PBXGroup;
			children = (
				1D85FE0A2A76AF121B7AA833 /* Pods-Biller.debug.xcconfig */,
				B57150539EE9E901049110E4 /* Pods-Biller.release.xcconfig */,
				004C9C4874B08C7172382E73 /* Pods-BillerTests.debug.xcconfig */,
				E4E2BDAF1063F23E5E2CF790 /* Pods-BillerTests.release.xcconfig */,
				530A278D84FEB0C426821EAE /* Pods-BillerUITests.debug.xcconfig */,
				2A591E721F9FDB7E580EDDBA /* Pods-BillerUITests.release.xcconfig */,
			);
			name = Pods;
			sourceTree = "<group>";
		};
/* End PBXGroup section */

/* Begin PBXNativeTarget section */
		036D71C71FA1401700C4832C /* Biller */ = {
			isa = PBXNativeTarget;
			buildConfigurationList = 036D71F21FA1401700C4832C /* Build configuration list for PBXNativeTarget "Biller" */;
			buildPhases = (
				F748C3F4B5CFA722D834459B /* [CP] Check Pods Manifest.lock */,
				036D71C41FA1401700C4832C /* Sources */,
				036D71C51FA1401700C4832C /* Frameworks */,
				036D71C61FA1401700C4832C /* Resources */,
				3CEA99C02A627E6995AA3B16 /* [CP] Embed Pods Frameworks */,
				FDA594A0CB085C91948E7A04 /* [CP] Copy Pods Resources */,
			);
			buildRules = (
			);
			dependencies = (
			);
			name = Biller;
			productName = Biller;
			productReference = 036D71C81FA1401700C4832C /* Biller.app */;
			productType = "com.apple.product-type.application";
		};
		036D71DD1FA1401700C4832C /* BillerTests */ = {
			isa = PBXNativeTarget;
			buildConfigurationList = 036D71F51FA1401700C4832C /* Build configuration list for PBXNativeTarget "BillerTests" */;
			buildPhases = (
				EFD52187E4A80A7F12593DC1 /* [CP] Check Pods Manifest.lock */,
				036D71DA1FA1401700C4832C /* Sources */,
				036D71DB1FA1401700C4832C /* Frameworks */,
				036D71DC1FA1401700C4832C /* Resources */,
				9E39068E3E01E1648A931FD2 /* [CP] Embed Pods Frameworks */,
				37E0FCBCC8C3784D164BCB71 /* [CP] Copy Pods Resources */,
			);
			buildRules = (
			);
			dependencies = (
				036D71E01FA1401700C4832C /* PBXTargetDependency */,
			);
			name = BillerTests;
			productName = BillerTests;
			productReference = 036D71DE1FA1401700C4832C /* BillerTests.xctest */;
			productType = "com.apple.product-type.bundle.unit-test";
		};
		036D71E81FA1401700C4832C /* BillerUITests */ = {
			isa = PBXNativeTarget;
			buildConfigurationList = 036D71F81FA1401700C4832C /* Build configuration list for PBXNativeTarget "BillerUITests" */;
			buildPhases = (
				C19A62867E9623926DA382B1 /* [CP] Check Pods Manifest.lock */,
				036D71E51FA1401700C4832C /* Sources */,
				036D71E61FA1401700C4832C /* Frameworks */,
				036D71E71FA1401700C4832C /* Resources */,
				DD11775DC0E5AB52C0108047 /* [CP] Embed Pods Frameworks */,
				EBA7316C47CD4CE1BFE0F758 /* [CP] Copy Pods Resources */,
			);
			buildRules = (
			);
			dependencies = (
				036D71EB1FA1401700C4832C /* PBXTargetDependency */,
			);
			name = BillerUITests;
			productName = BillerUITests;
			productReference = 036D71E91FA1401700C4832C /* BillerUITests.xctest */;
			productType = "com.apple.product-type.bundle.ui-testing";
		};
/* End PBXNativeTarget section */

/* Begin PBXProject section */
		036D71C01FA1401700C4832C /* Project object */ = {
			isa = PBXProject;
			attributes = {
				LastSwiftUpdateCheck = 0900;
				LastUpgradeCheck = 0900;
				ORGANIZATIONNAME = "Vorona Vyacheslav";
				TargetAttributes = {
					036D71C71FA1401700C4832C = {
						CreatedOnToolsVersion = 9.0.1;
						ProvisioningStyle = Automatic;
					};
					036D71DD1FA1401700C4832C = {
						CreatedOnToolsVersion = 9.0.1;
						ProvisioningStyle = Automatic;
						TestTargetID = 036D71C71FA1401700C4832C;
					};
					036D71E81FA1401700C4832C = {
						CreatedOnToolsVersion = 9.0.1;
						ProvisioningStyle = Automatic;
						TestTargetID = 036D71C71FA1401700C4832C;
					};
				};
			};
			buildConfigurationList = 036D71C31FA1401700C4832C /* Build configuration list for PBXProject "Biller" */;
			compatibilityVersion = "Xcode 8.0";
			developmentRegion = en;
			hasScannedForEncodings = 0;
			knownRegions = (
				en,
				Base,
			);
			mainGroup = 036D71BF1FA1401700C4832C;
			productRefGroup = 036D71C91FA1401700C4832C /* Products */;
			projectDirPath = "";
			projectRoot = "";
			targets = (
				036D71C71FA1401700C4832C /* Biller */,
				036D71DD1FA1401700C4832C /* BillerTests */,
				036D71E81FA1401700C4832C /* BillerUITests */,
			);
		};
/* End PBXProject section */

/* Begin PBXResourcesBuildPhase section */
		036D71C61FA1401700C4832C /* Resources */ = {
			isa = PBXResourcesBuildPhase;
			buildActionMask = 2147483647;
			files = (
				03A0ED2F205186970025A162 /* CommentCell.xib in Resources */,
				036D3FC51FA5FB6C009BC78D /* AddCell.xib in Resources */,
				032D0B6D1FA5E081006DD8DD /* Friends.storyboard in Resources */,
				03C5A3972050A30F003301D4 /* GoToCell.xib in Resources */,
				0328282F20508DB70030FEDE /* PlaceTitleCell.xib in Resources */,
				032BC41F1FADFFCA00E7EF59 /* Place.storyboard in Resources */,
				032BC41A1FADFAED00E7EF59 /* PlaceCell.xib in Resources */,
				036D71D81FA1401700C4832C /* LaunchScreen.storyboard in Resources */,
				034C1DF01FAE192300A0928F /* BillCell.xib in Resources */,
				036D71D51FA1401700C4832C /* Assets.xcassets in Resources */,
				037E41B420509DD000F12BD1 /* RatingCell.xib in Resources */,
				03650FDE1FADED2300599F58 /* Places.storyboard in Resources */,
				031174D01FA54DCA00D19AD0 /* NavigationBar.storyboard in Resources */,
				036D71D31FA1401700C4832C /* TabBar.storyboard in Resources */,
				031174D51FA54F4300D19AD0 /* History.storyboard in Resources */,
			);
			runOnlyForDeploymentPostprocessing = 0;
		};
		036D71DC1FA1401700C4832C /* Resources */ = {
			isa = PBXResourcesBuildPhase;
			buildActionMask = 2147483647;
			files = (
			);
			runOnlyForDeploymentPostprocessing = 0;
		};
		036D71E71FA1401700C4832C /* Resources */ = {
			isa = PBXResourcesBuildPhase;
			buildActionMask = 2147483647;
			files = (
			);
			runOnlyForDeploymentPostprocessing = 0;
		};
/* End PBXResourcesBuildPhase section */

/* Begin PBXShellScriptBuildPhase section */
		37E0FCBCC8C3784D164BCB71 /* [CP] Copy Pods Resources */ = {
			isa = PBXShellScriptBuildPhase;
			buildActionMask = 2147483647;
			files = (
			);
			inputPaths = (
			);
			name = "[CP] Copy Pods Resources";
			outputPaths = (
			);
			runOnlyForDeploymentPostprocessing = 0;
			shellPath = /bin/sh;
			shellScript = "\"${SRCROOT}/Pods/Target Support Files/Pods-BillerTests/Pods-BillerTests-resources.sh\"\n";
			showEnvVarsInLog = 0;
		};
		3CEA99C02A627E6995AA3B16 /* [CP] Embed Pods Frameworks */ = {
			isa = PBXShellScriptBuildPhase;
			buildActionMask = 2147483647;
			files = (
			);
			inputPaths = (
				"${SRCROOT}/Pods/Target Support Files/Pods-Biller/Pods-Biller-frameworks.sh",
				"${BUILT_PRODUCTS_DIR}/Realm/Realm.framework",
				"${BUILT_PRODUCTS_DIR}/RealmSwift/RealmSwift.framework",
				"${BUILT_PRODUCTS_DIR}/Result/Result.framework",
			);
			name = "[CP] Embed Pods Frameworks";
			outputPaths = (
				"${TARGET_BUILD_DIR}/${FRAMEWORKS_FOLDER_PATH}/Realm.framework",
				"${TARGET_BUILD_DIR}/${FRAMEWORKS_FOLDER_PATH}/RealmSwift.framework",
				"${TARGET_BUILD_DIR}/${FRAMEWORKS_FOLDER_PATH}/Result.framework",
			);
			runOnlyForDeploymentPostprocessing = 0;
			shellPath = /bin/sh;
			shellScript = "\"${SRCROOT}/Pods/Target Support Files/Pods-Biller/Pods-Biller-frameworks.sh\"\n";
			showEnvVarsInLog = 0;
		};
		9E39068E3E01E1648A931FD2 /* [CP] Embed Pods Frameworks */ = {
			isa = PBXShellScriptBuildPhase;
			buildActionMask = 2147483647;
			files = (
			);
			inputPaths = (
			);
			name = "[CP] Embed Pods Frameworks";
			outputPaths = (
			);
			runOnlyForDeploymentPostprocessing = 0;
			shellPath = /bin/sh;
			shellScript = "\"${SRCROOT}/Pods/Target Support Files/Pods-BillerTests/Pods-BillerTests-frameworks.sh\"\n";
			showEnvVarsInLog = 0;
		};
		C19A62867E9623926DA382B1 /* [CP] Check Pods Manifest.lock */ = {
			isa = PBXShellScriptBuildPhase;
			buildActionMask = 2147483647;
			files = (
			);
			inputPaths = (
				"${PODS_PODFILE_DIR_PATH}/Podfile.lock",
				"${PODS_ROOT}/Manifest.lock",
			);
			name = "[CP] Check Pods Manifest.lock";
			outputPaths = (
				"$(DERIVED_FILE_DIR)/Pods-BillerUITests-checkManifestLockResult.txt",
			);
			runOnlyForDeploymentPostprocessing = 0;
			shellPath = /bin/sh;
			shellScript = "diff \"${PODS_PODFILE_DIR_PATH}/Podfile.lock\" \"${PODS_ROOT}/Manifest.lock\" > /dev/null\nif [ $? != 0 ] ; then\n    # print error to STDERR\n    echo \"error: The sandbox is not in sync with the Podfile.lock. Run 'pod install' or update your CocoaPods installation.\" >&2\n    exit 1\nfi\n# This output is used by Xcode 'outputs' to avoid re-running this script phase.\necho \"SUCCESS\" > \"${SCRIPT_OUTPUT_FILE_0}\"\n";
			showEnvVarsInLog = 0;
		};
		DD11775DC0E5AB52C0108047 /* [CP] Embed Pods Frameworks */ = {
			isa = PBXShellScriptBuildPhase;
			buildActionMask = 2147483647;
			files = (
			);
			inputPaths = (
			);
			name = "[CP] Embed Pods Frameworks";
			outputPaths = (
			);
			runOnlyForDeploymentPostprocessing = 0;
			shellPath = /bin/sh;
			shellScript = "\"${SRCROOT}/Pods/Target Support Files/Pods-BillerUITests/Pods-BillerUITests-frameworks.sh\"\n";
			showEnvVarsInLog = 0;
		};
		EBA7316C47CD4CE1BFE0F758 /* [CP] Copy Pods Resources */ = {
			isa = PBXShellScriptBuildPhase;
			buildActionMask = 2147483647;
			files = (
			);
			inputPaths = (
			);
			name = "[CP] Copy Pods Resources";
			outputPaths = (
			);
			runOnlyForDeploymentPostprocessing = 0;
			shellPath = /bin/sh;
			shellScript = "\"${SRCROOT}/Pods/Target Support Files/Pods-BillerUITests/Pods-BillerUITests-resources.sh\"\n";
			showEnvVarsInLog = 0;
		};
		EFD52187E4A80A7F12593DC1 /* [CP] Check Pods Manifest.lock */ = {
			isa = PBXShellScriptBuildPhase;
			buildActionMask = 2147483647;
			files = (
			);
			inputPaths = (
				"${PODS_PODFILE_DIR_PATH}/Podfile.lock",
				"${PODS_ROOT}/Manifest.lock",
			);
			name = "[CP] Check Pods Manifest.lock";
			outputPaths = (
				"$(DERIVED_FILE_DIR)/Pods-BillerTests-checkManifestLockResult.txt",
			);
			runOnlyForDeploymentPostprocessing = 0;
			shellPath = /bin/sh;
			shellScript = "diff \"${PODS_PODFILE_DIR_PATH}/Podfile.lock\" \"${PODS_ROOT}/Manifest.lock\" > /dev/null\nif [ $? != 0 ] ; then\n    # print error to STDERR\n    echo \"error: The sandbox is not in sync with the Podfile.lock. Run 'pod install' or update your CocoaPods installation.\" >&2\n    exit 1\nfi\n# This output is used by Xcode 'outputs' to avoid re-running this script phase.\necho \"SUCCESS\" > \"${SCRIPT_OUTPUT_FILE_0}\"\n";
			showEnvVarsInLog = 0;
		};
		F748C3F4B5CFA722D834459B /* [CP] Check Pods Manifest.lock */ = {
			isa = PBXShellScriptBuildPhase;
			buildActionMask = 2147483647;
			files = (
			);
			inputPaths = (
				"${PODS_PODFILE_DIR_PATH}/Podfile.lock",
				"${PODS_ROOT}/Manifest.lock",
			);
			name = "[CP] Check Pods Manifest.lock";
			outputPaths = (
				"$(DERIVED_FILE_DIR)/Pods-Biller-checkManifestLockResult.txt",
			);
			runOnlyForDeploymentPostprocessing = 0;
			shellPath = /bin/sh;
			shellScript = "diff \"${PODS_PODFILE_DIR_PATH}/Podfile.lock\" \"${PODS_ROOT}/Manifest.lock\" > /dev/null\nif [ $? != 0 ] ; then\n    # print error to STDERR\n    echo \"error: The sandbox is not in sync with the Podfile.lock. Run 'pod install' or update your CocoaPods installation.\" >&2\n    exit 1\nfi\n# This output is used by Xcode 'outputs' to avoid re-running this script phase.\necho \"SUCCESS\" > \"${SCRIPT_OUTPUT_FILE_0}\"\n";
			showEnvVarsInLog = 0;
		};
		FDA594A0CB085C91948E7A04 /* [CP] Copy Pods Resources */ = {
			isa = PBXShellScriptBuildPhase;
			buildActionMask = 2147483647;
			files = (
			);
			inputPaths = (
			);
			name = "[CP] Copy Pods Resources";
			outputPaths = (
			);
			runOnlyForDeploymentPostprocessing = 0;
			shellPath = /bin/sh;
			shellScript = "\"${SRCROOT}/Pods/Target Support Files/Pods-Biller/Pods-Biller-resources.sh\"\n";
			showEnvVarsInLog = 0;
		};
/* End PBXShellScriptBuildPhase section */

/* Begin PBXSourcesBuildPhase section */
		036D71C41FA1401700C4832C /* Sources */ = {
			isa = PBXSourcesBuildPhase;
			buildActionMask = 2147483647;
			files = (
				031174CB1FA54CAD00D19AD0 /* PlaceModel.swift in Sources */,
				032BC4211FAE006F00E7EF59 /* PlaceViewModel.swift in Sources */,
				0396FE631FA2374900ED2F13 /* Realm+Ext.swift in Sources */,
				031174C91FA54BB400D19AD0 /* PersonModel.swift in Sources */,
				032D0B701FA5E71A006DD8DD /* BillCell.swift in Sources */,
				032D0B601FA595CD006DD8DD /* CurrencyProtocol.swift in Sources */,
				0396FE741FA250CE00ED2F13 /* TabBarController.swift in Sources */,
				031174D31FA54F2900D19AD0 /* HistoryViewController.swift in Sources */,
				032D0B741FA5F61D006DD8DD /* TopAlignedLabel.swift in Sources */,
				03A0ED31205186A60025A162 /* CommentCell.swift in Sources */,
				036D3FC41FA5FB6C009BC78D /* AddCell.swift in Sources */,
				03650FE11FADF6BA00599F58 /* PlaceDisplayItem.swift in Sources */,
				0396FE671FA23DA400ED2F13 /* BillModel.swift in Sources */,
				036D71CC1FA1401700C4832C /* AppDelegate.swift in Sources */,
				03650FDC1FADED1400599F58 /* PlacesViewModel.swift in Sources */,
				03C5A3952050A301003301D4 /* GoToCell.swift in Sources */,
				0328283120508DCA0030FEDE /* PlaceTitleCell.swift in Sources */,
				032D0B641FA59B75006DD8DD /* ConfigModel.swift in Sources */,
				037E41B620509DE000F12BD1 /* RatingCell.swift in Sources */,
				032D0B6B1FA5E072006DD8DD /* FriendsViewModel.swift in Sources */,
				03D3A5371FA2121200FE3947 /* RLMSupport.swift in Sources */,
				036D3FC71FA6002E009BC78D /* BillDisplayItem.swift in Sources */,
				0328282A205073460030FEDE /* Utilities.swift in Sources */,
				032D0B5E1FA594A8006DD8DD /* DebtModel.swift in Sources */,
				031174D71FA54F8400D19AD0 /* HistoryViewModel.swift in Sources */,
				031174CE1FA54D7300D19AD0 /* NavigationBarController.swift in Sources */,
				03650FDA1FADED0500599F58 /* PlacesViewController.swift in Sources */,
				031174C71FA5477D00D19AD0 /* CommentModel.swift in Sources */,
				032D0B691FA5E058006DD8DD /* FriendsViewController.swift in Sources */,
				031174C51FA5438E00D19AD0 /* OrderModel.swift in Sources */,
				032BC41D1FADFFBE00E7EF59 /* PlaceViewController.swift in Sources */,
				0396FE611FA2200600ED2F13 /* BaseModel.swift in Sources */,
				032D0B621FA598CB006DD8DD /* MenuPositionModel.swift in Sources */,
				032BC4181FADFAA400E7EF59 /* PlaceCell.swift in Sources */,
			);
			runOnlyForDeploymentPostprocessing = 0;
		};
		036D71DA1FA1401700C4832C /* Sources */ = {
			isa = PBXSourcesBuildPhase;
			buildActionMask = 2147483647;
			files = (
				036D71E31FA1401700C4832C /* BillerTests.swift in Sources */,
			);
			runOnlyForDeploymentPostprocessing = 0;
		};
		036D71E51FA1401700C4832C /* Sources */ = {
			isa = PBXSourcesBuildPhase;
			buildActionMask = 2147483647;
			files = (
				036D71EE1FA1401700C4832C /* BillerUITests.swift in Sources */,
			);
			runOnlyForDeploymentPostprocessing = 0;
		};
/* End PBXSourcesBuildPhase section */

/* Begin PBXTargetDependency section */
		036D71E01FA1401700C4832C /* PBXTargetDependency */ = {
			isa = PBXTargetDependency;
			target = 036D71C71FA1401700C4832C /* Biller */;
			targetProxy = 036D71DF1FA1401700C4832C /* PBXContainerItemProxy */;
		};
		036D71EB1FA1401700C4832C /* PBXTargetDependency */ = {
			isa = PBXTargetDependency;
			target = 036D71C71FA1401700C4832C /* Biller */;
			targetProxy = 036D71EA1FA1401700C4832C /* PBXContainerItemProxy */;
		};
/* End PBXTargetDependency section */

/* Begin PBXVariantGroup section */
		036D71D11FA1401700C4832C /* TabBar.storyboard */ = {
			isa = PBXVariantGroup;
			children = (
				036D71D21FA1401700C4832C /* Base */,
			);
			name = TabBar.storyboard;
			sourceTree = "<group>";
		};
		036D71D61FA1401700C4832C /* LaunchScreen.storyboard */ = {
			isa = PBXVariantGroup;
			children = (
				036D71D71FA1401700C4832C /* Base */,
			);
			name = LaunchScreen.storyboard;
			sourceTree = "<group>";
		};
/* End PBXVariantGroup section */

/* Begin XCBuildConfiguration section */
		036D71F01FA1401700C4832C /* Debug */ = {
			isa = XCBuildConfiguration;
			buildSettings = {
				ALWAYS_SEARCH_USER_PATHS = NO;
				CLANG_ANALYZER_NONNULL = YES;
				CLANG_ANALYZER_NUMBER_OBJECT_CONVERSION = YES_AGGRESSIVE;
				CLANG_CXX_LANGUAGE_STANDARD = "gnu++14";
				CLANG_CXX_LIBRARY = "libc++";
				CLANG_ENABLE_MODULES = YES;
				CLANG_ENABLE_OBJC_ARC = YES;
				CLANG_WARN_BLOCK_CAPTURE_AUTORELEASING = YES;
				CLANG_WARN_BOOL_CONVERSION = YES;
				CLANG_WARN_COMMA = YES;
				CLANG_WARN_CONSTANT_CONVERSION = YES;
				CLANG_WARN_DIRECT_OBJC_ISA_USAGE = YES_ERROR;
				CLANG_WARN_DOCUMENTATION_COMMENTS = YES;
				CLANG_WARN_EMPTY_BODY = YES;
				CLANG_WARN_ENUM_CONVERSION = YES;
				CLANG_WARN_INFINITE_RECURSION = YES;
				CLANG_WARN_INT_CONVERSION = YES;
				CLANG_WARN_NON_LITERAL_NULL_CONVERSION = YES;
				CLANG_WARN_OBJC_LITERAL_CONVERSION = YES;
				CLANG_WARN_OBJC_ROOT_CLASS = YES_ERROR;
				CLANG_WARN_RANGE_LOOP_ANALYSIS = YES;
				CLANG_WARN_STRICT_PROTOTYPES = YES;
				CLANG_WARN_SUSPICIOUS_MOVE = YES;
				CLANG_WARN_UNGUARDED_AVAILABILITY = YES_AGGRESSIVE;
				CLANG_WARN_UNREACHABLE_CODE = YES;
				CLANG_WARN__DUPLICATE_METHOD_MATCH = YES;
				CODE_SIGN_IDENTITY = "iPhone Developer";
				COPY_PHASE_STRIP = NO;
				DEBUG_INFORMATION_FORMAT = dwarf;
				ENABLE_STRICT_OBJC_MSGSEND = YES;
				ENABLE_TESTABILITY = YES;
				GCC_C_LANGUAGE_STANDARD = gnu11;
				GCC_DYNAMIC_NO_PIC = NO;
				GCC_NO_COMMON_BLOCKS = YES;
				GCC_OPTIMIZATION_LEVEL = 0;
				GCC_PREPROCESSOR_DEFINITIONS = (
					"DEBUG=1",
					"$(inherited)",
				);
				GCC_WARN_64_TO_32_BIT_CONVERSION = YES;
				GCC_WARN_ABOUT_RETURN_TYPE = YES_ERROR;
				GCC_WARN_UNDECLARED_SELECTOR = YES;
				GCC_WARN_UNINITIALIZED_AUTOS = YES_AGGRESSIVE;
				GCC_WARN_UNUSED_FUNCTION = YES;
				GCC_WARN_UNUSED_VARIABLE = YES;
				IPHONEOS_DEPLOYMENT_TARGET = 11.0;
				MTL_ENABLE_DEBUG_INFO = YES;
				ONLY_ACTIVE_ARCH = YES;
				SDKROOT = iphoneos;
				SWIFT_ACTIVE_COMPILATION_CONDITIONS = DEBUG;
				SWIFT_OPTIMIZATION_LEVEL = "-Onone";
			};
			name = Debug;
		};
		036D71F11FA1401700C4832C /* Release */ = {
			isa = XCBuildConfiguration;
			buildSettings = {
				ALWAYS_SEARCH_USER_PATHS = NO;
				CLANG_ANALYZER_NONNULL = YES;
				CLANG_ANALYZER_NUMBER_OBJECT_CONVERSION = YES_AGGRESSIVE;
				CLANG_CXX_LANGUAGE_STANDARD = "gnu++14";
				CLANG_CXX_LIBRARY = "libc++";
				CLANG_ENABLE_MODULES = YES;
				CLANG_ENABLE_OBJC_ARC = YES;
				CLANG_WARN_BLOCK_CAPTURE_AUTORELEASING = YES;
				CLANG_WARN_BOOL_CONVERSION = YES;
				CLANG_WARN_COMMA = YES;
				CLANG_WARN_CONSTANT_CONVERSION = YES;
				CLANG_WARN_DIRECT_OBJC_ISA_USAGE = YES_ERROR;
				CLANG_WARN_DOCUMENTATION_COMMENTS = YES;
				CLANG_WARN_EMPTY_BODY = YES;
				CLANG_WARN_ENUM_CONVERSION = YES;
				CLANG_WARN_INFINITE_RECURSION = YES;
				CLANG_WARN_INT_CONVERSION = YES;
				CLANG_WARN_NON_LITERAL_NULL_CONVERSION = YES;
				CLANG_WARN_OBJC_LITERAL_CONVERSION = YES;
				CLANG_WARN_OBJC_ROOT_CLASS = YES_ERROR;
				CLANG_WARN_RANGE_LOOP_ANALYSIS = YES;
				CLANG_WARN_STRICT_PROTOTYPES = YES;
				CLANG_WARN_SUSPICIOUS_MOVE = YES;
				CLANG_WARN_UNGUARDED_AVAILABILITY = YES_AGGRESSIVE;
				CLANG_WARN_UNREACHABLE_CODE = YES;
				CLANG_WARN__DUPLICATE_METHOD_MATCH = YES;
				CODE_SIGN_IDENTITY = "iPhone Developer";
				COPY_PHASE_STRIP = NO;
				DEBUG_INFORMATION_FORMAT = "dwarf-with-dsym";
				ENABLE_NS_ASSERTIONS = NO;
				ENABLE_STRICT_OBJC_MSGSEND = YES;
				GCC_C_LANGUAGE_STANDARD = gnu11;
				GCC_NO_COMMON_BLOCKS = YES;
				GCC_WARN_64_TO_32_BIT_CONVERSION = YES;
				GCC_WARN_ABOUT_RETURN_TYPE = YES_ERROR;
				GCC_WARN_UNDECLARED_SELECTOR = YES;
				GCC_WARN_UNINITIALIZED_AUTOS = YES_AGGRESSIVE;
				GCC_WARN_UNUSED_FUNCTION = YES;
				GCC_WARN_UNUSED_VARIABLE = YES;
				IPHONEOS_DEPLOYMENT_TARGET = 11.0;
				MTL_ENABLE_DEBUG_INFO = NO;
				SDKROOT = iphoneos;
				SWIFT_OPTIMIZATION_LEVEL = "-Owholemodule";
				VALIDATE_PRODUCT = YES;
			};
			name = Release;
		};
		036D71F31FA1401700C4832C /* Debug */ = {
			isa = XCBuildConfiguration;
			baseConfigurationReference = 1D85FE0A2A76AF121B7AA833 /* Pods-Biller.debug.xcconfig */;
			buildSettings = {
				ASSETCATALOG_COMPILER_APPICON_NAME = AppIcon;
				CODE_SIGN_STYLE = Automatic;
				INFOPLIST_FILE = Biller/Info.plist;
				LD_RUNPATH_SEARCH_PATHS = "$(inherited) @executable_path/Frameworks";
				PRODUCT_BUNDLE_IDENTIFIER = skolvan.Biller.Biller;
				PRODUCT_NAME = "$(TARGET_NAME)";
				SWIFT_VERSION = 4.0;
				TARGETED_DEVICE_FAMILY = "1,2";
			};
			name = Debug;
		};
		036D71F41FA1401700C4832C /* Release */ = {
			isa = XCBuildConfiguration;
			baseConfigurationReference = B57150539EE9E901049110E4 /* Pods-Biller.release.xcconfig */;
			buildSettings = {
				ASSETCATALOG_COMPILER_APPICON_NAME = AppIcon;
				CODE_SIGN_STYLE = Automatic;
				INFOPLIST_FILE = Biller/Info.plist;
				LD_RUNPATH_SEARCH_PATHS = "$(inherited) @executable_path/Frameworks";
				PRODUCT_BUNDLE_IDENTIFIER = skolvan.Biller.Biller;
				PRODUCT_NAME = "$(TARGET_NAME)";
				SWIFT_VERSION = 4.0;
				TARGETED_DEVICE_FAMILY = "1,2";
			};
			name = Release;
		};
		036D71F61FA1401700C4832C /* Debug */ = {
			isa = XCBuildConfiguration;
			baseConfigurationReference = 004C9C4874B08C7172382E73 /* Pods-BillerTests.debug.xcconfig */;
			buildSettings = {
				ALWAYS_EMBED_SWIFT_STANDARD_LIBRARIES = YES;
				BUNDLE_LOADER = "$(TEST_HOST)";
				CODE_SIGN_STYLE = Automatic;
				INFOPLIST_FILE = BillerTests/Info.plist;
				LD_RUNPATH_SEARCH_PATHS = "$(inherited) @executable_path/Frameworks @loader_path/Frameworks";
				PRODUCT_BUNDLE_IDENTIFIER = skolvan.Biller.BillerTests;
				PRODUCT_NAME = "$(TARGET_NAME)";
				SWIFT_VERSION = 4.0;
				TARGETED_DEVICE_FAMILY = "1,2";
				TEST_HOST = "$(BUILT_PRODUCTS_DIR)/Biller.app/Biller";
			};
			name = Debug;
		};
		036D71F71FA1401700C4832C /* Release */ = {
			isa = XCBuildConfiguration;
			baseConfigurationReference = E4E2BDAF1063F23E5E2CF790 /* Pods-BillerTests.release.xcconfig */;
			buildSettings = {
				ALWAYS_EMBED_SWIFT_STANDARD_LIBRARIES = YES;
				BUNDLE_LOADER = "$(TEST_HOST)";
				CODE_SIGN_STYLE = Automatic;
				INFOPLIST_FILE = BillerTests/Info.plist;
				LD_RUNPATH_SEARCH_PATHS = "$(inherited) @executable_path/Frameworks @loader_path/Frameworks";
				PRODUCT_BUNDLE_IDENTIFIER = skolvan.Biller.BillerTests;
				PRODUCT_NAME = "$(TARGET_NAME)";
				SWIFT_VERSION = 4.0;
				TARGETED_DEVICE_FAMILY = "1,2";
				TEST_HOST = "$(BUILT_PRODUCTS_DIR)/Biller.app/Biller";
			};
			name = Release;
		};
		036D71F91FA1401700C4832C /* Debug */ = {
			isa = XCBuildConfiguration;
			baseConfigurationReference = 530A278D84FEB0C426821EAE /* Pods-BillerUITests.debug.xcconfig */;
			buildSettings = {
				ALWAYS_EMBED_SWIFT_STANDARD_LIBRARIES = YES;
				CODE_SIGN_STYLE = Automatic;
				INFOPLIST_FILE = BillerUITests/Info.plist;
				LD_RUNPATH_SEARCH_PATHS = "$(inherited) @executable_path/Frameworks @loader_path/Frameworks";
				PRODUCT_BUNDLE_IDENTIFIER = skolvan.Biller.BillerUITests;
				PRODUCT_NAME = "$(TARGET_NAME)";
				SWIFT_VERSION = 4.0;
				TARGETED_DEVICE_FAMILY = "1,2";
				TEST_TARGET_NAME = Biller;
			};
			name = Debug;
		};
		036D71FA1FA1401700C4832C /* Release */ = {
			isa = XCBuildConfiguration;
			baseConfigurationReference = 2A591E721F9FDB7E580EDDBA /* Pods-BillerUITests.release.xcconfig */;
			buildSettings = {
				ALWAYS_EMBED_SWIFT_STANDARD_LIBRARIES = YES;
				CODE_SIGN_STYLE = Automatic;
				INFOPLIST_FILE = BillerUITests/Info.plist;
				LD_RUNPATH_SEARCH_PATHS = "$(inherited) @executable_path/Frameworks @loader_path/Frameworks";
				PRODUCT_BUNDLE_IDENTIFIER = skolvan.Biller.BillerUITests;
				PRODUCT_NAME = "$(TARGET_NAME)";
				SWIFT_VERSION = 4.0;
				TARGETED_DEVICE_FAMILY = "1,2";
				TEST_TARGET_NAME = Biller;
			};
			name = Release;
		};
/* End XCBuildConfiguration section */

/* Begin XCConfigurationList section */
		036D71C31FA1401700C4832C /* Build configuration list for PBXProject "Biller" */ = {
			isa = XCConfigurationList;
			buildConfigurations = (
				036D71F01FA1401700C4832C /* Debug */,
				036D71F11FA1401700C4832C /* Release */,
			);
			defaultConfigurationIsVisible = 0;
			defaultConfigurationName = Release;
		};
		036D71F21FA1401700C4832C /* Build configuration list for PBXNativeTarget "Biller" */ = {
			isa = XCConfigurationList;
			buildConfigurations = (
				036D71F31FA1401700C4832C /* Debug */,
				036D71F41FA1401700C4832C /* Release */,
			);
			defaultConfigurationIsVisible = 0;
			defaultConfigurationName = Release;
		};
		036D71F51FA1401700C4832C /* Build configuration list for PBXNativeTarget "BillerTests" */ = {
			isa = XCConfigurationList;
			buildConfigurations = (
				036D71F61FA1401700C4832C /* Debug */,
				036D71F71FA1401700C4832C /* Release */,
			);
			defaultConfigurationIsVisible = 0;
			defaultConfigurationName = Release;
		};
		036D71F81FA1401700C4832C /* Build configuration list for PBXNativeTarget "BillerUITests" */ = {
			isa = XCConfigurationList;
			buildConfigurations = (
				036D71F91FA1401700C4832C /* Debug */,
				036D71FA1FA1401700C4832C /* Release */,
			);
			defaultConfigurationIsVisible = 0;
			defaultConfigurationName = Release;
		};
/* End XCConfigurationList section */
	};
	rootObject = 036D71C01FA1401700C4832C /* Project object */;
}
